# THIS IS AN AUTOGENERATED FILE. DO NOT EDIT THIS FILE DIRECTLY.
# yarn lockfile v1


create-vite@^3.1.0:
  version "3.1.0"
  resolved "https://registry.yarnpkg.com/create-vite/-/create-vite-3.1.0.tgz#467f7bb5e56deeac89265e49cf4d64aa4e801d88"
  integrity sha512-nmuYUAem3FDpwLR7/3CzERigDSdLUgq0YxucFggKoG+FbKmXU7p6ujPKe4XEPNxNb7288i9oqatlhKvm30dnTQ==
